
Microsoft Visual Studio Solution File, Format Version 11.00
# Visual Studio 2010
Project("{8BC9CEB8-8B4A-11D0-8D11-00A0C91BC942}") = "MCEDP", "EAF_ShellcodeDetectotModule\EAF_ShellcodeDetectotModule.vcxproj", "{6876AF38-B569-487D-A17F-469A43F21A70}"
EndProject
Project("{54435603-DBB4-11D2-8724-00A0C9A8B90C}") = "MCEDP Setup", "MCEDP Setup\MCEDP Setup.vdproj", "{E10DF065-8C8A-4633-BF0E-D0F2197198AD}"
EndProject
Global
	GlobalSection(SolutionConfigurationPlatforms) = preSolution
		Debug|Win32 = Debug|Win32
		Release|Win32 = Release|Win32
	EndGlobalSection
	GlobalSection(ProjectConfigurationPlatforms) = postSolution
		{6876AF38-B569-487D-A17F-469A43F21A70}.Debug|Win32.ActiveCfg = Debug|Win32
		{6876AF38-B569-487D-A17F-469A43F21A70}.Debug|Win32.Build.0 = Debug|Win32
		{6876AF38-B569-487D-A17F-469A43F21A70}.Release|Win32.ActiveCfg = Release|Win32
		{6876AF38-B569-487D-A17F-469A43F21A70}.Release|Win32.Build.0 = Release|Win32
		{E10DF065-8C8A-4633-BF0E-D0F2197198AD}.Debug|Win32.ActiveCfg = Debug
		{E10DF065-8C8A-4633-BF0E-D0F2197198AD}.Release|Win32.ActiveCfg = Release
		{E10DF065-8C8A-4633-BF0E-D0F2197198AD}.Release|Win32.Build.0 = Release
	EndGlobalSection
	GlobalSection(SolutionProperties) = preSolution
		HideSolutionNode = FALSE
	EndGlobalSection
EndGlobal
